
Microsoft Visual Studio Solution File, Format Version 12.00
# Visual Studio Version 17
VisualStudioVersion = 17.5.33516.290
MinimumVisualStudioVersion = 10.0.40219.1
Project("{FAE04EC0-301F-11D3-BF4B-00C04F79EFBC}") = "EVF1_U1", "EVF1_U1\EVF1_U1.csproj", "{D4BEF93D-5116-4DF6-9352-8C39FB8510A9}"
EndProject
Global
	GlobalSection(SolutionConfigurationPlatforms) = preSolution
		Debug|Any CPU = Debug|Any CPU
		Release|Any CPU = Release|Any CPU
	EndGlobalSection
	GlobalSection(ProjectConfigurationPlatforms) = postSolution
		{D4BEF93D-5116-4DF6-9352-8C39FB8510A9}.Debug|Any CPU.ActiveCfg = Debug|Any CPU
		{D4BEF93D-5116-4DF6-9352-8C39FB8510A9}.Debug|Any CPU.Build.0 = Debug|Any CPU
		{D4BEF93D-5116-4DF6-9352-8C39FB8510A9}.Release|Any CPU.ActiveCfg = Release|Any CPU
		{D4BEF93D-5116-4DF6-9352-8C39FB8510A9}.Release|Any CPU.Build.0 = Release|Any CPU
	EndGlobalSection
	GlobalSection(SolutionProperties) = preSolution
		HideSolutionNode = FALSE
	EndGlobalSection
	GlobalSection(ExtensibilityGlobals) = postSolution
		SolutionGuid = {7BB1588C-526E-47C6-A746-5876FCD38DC2}
	EndGlobalSection
EndGlobal
